
Microsoft Visual Studio Solution File, Format Version 12.00
# Visual Studio Version 16
VisualStudioVersion = 16.0.31829.152
MinimumVisualStudioVersion = 10.0.40219.1
Project("{FAE04EC0-301F-11D3-BF4B-00C04F79EFBC}") = "TextClassificationGUI", "..\TextClassificationGUI\TextClassificationGUI.csproj", "{E8697542-C89F-4846-A78D-678A10A0A4D3}"
EndProject
Project("{FAE04EC0-301F-11D3-BF4B-00C04F79EFBC}") = "TestProject", "..\TestProject\TestProject.csproj", "{7653A42D-6CD1-47F5-8468-DD47284D5125}"
EndProject
Global
	GlobalSection(SolutionConfigurationPlatforms) = preSolution
		Debug|Any CPU = Debug|Any CPU
		Release|Any CPU = Release|Any CPU
	EndGlobalSection
	GlobalSection(ProjectConfigurationPlatforms) = postSolution
		{E8697542-C89F-4846-A78D-678A10A0A4D3}.Debug|Any CPU.ActiveCfg = Debug|Any CPU
		{E8697542-C89F-4846-A78D-678A10A0A4D3}.Debug|Any CPU.Build.0 = Debug|Any CPU
		{E8697542-C89F-4846-A78D-678A10A0A4D3}.Release|Any CPU.ActiveCfg = Release|Any CPU
		{E8697542-C89F-4846-A78D-678A10A0A4D3}.Release|Any CPU.Build.0 = Release|Any CPU
		{7653A42D-6CD1-47F5-8468-DD47284D5125}.Debug|Any CPU.ActiveCfg = Debug|Any CPU
		{7653A42D-6CD1-47F5-8468-DD47284D5125}.Debug|Any CPU.Build.0 = Debug|Any CPU
		{7653A42D-6CD1-47F5-8468-DD47284D5125}.Release|Any CPU.ActiveCfg = Release|Any CPU
		{7653A42D-6CD1-47F5-8468-DD47284D5125}.Release|Any CPU.Build.0 = Release|Any CPU
	EndGlobalSection
	GlobalSection(SolutionProperties) = preSolution
		HideSolutionNode = FALSE
	EndGlobalSection
	GlobalSection(ExtensibilityGlobals) = postSolution
		SolutionGuid = {5ECC8F9A-D027-4BDF-80B4-AAB11A515C31}
	EndGlobalSection
EndGlobal
